
Microsoft Visual Studio Solution File, Format Version 12.00
# Visual Studio Version 16
VisualStudioVersion = 16.0.809.3
MinimumVisualStudioVersion = 10.0.40219.1
Project("{FAE04EC0-301F-11D3-BF4B-00C04F79EFBC}") = "lira", "lira\lira.csproj", "{A862C384-4502-41E0-A0F5-291B74811356}"
EndProject
Global
	GlobalSection(SolutionConfigurationPlatforms) = preSolution
		Debug|Any CPU = Debug|Any CPU
		Release|Any CPU = Release|Any CPU
	EndGlobalSection
	GlobalSection(ProjectConfigurationPlatforms) = postSolution
		{A862C384-4502-41E0-A0F5-291B74811356}.Debug|Any CPU.ActiveCfg = Debug|Any CPU
		{A862C384-4502-41E0-A0F5-291B74811356}.Debug|Any CPU.Build.0 = Debug|Any CPU
		{A862C384-4502-41E0-A0F5-291B74811356}.Release|Any CPU.ActiveCfg = Release|Any CPU
		{A862C384-4502-41E0-A0F5-291B74811356}.Release|Any CPU.Build.0 = Release|Any CPU
	EndGlobalSection
	GlobalSection(SolutionProperties) = preSolution
		HideSolutionNode = FALSE
	EndGlobalSection
	GlobalSection(ExtensibilityGlobals) = postSolution
		SolutionGuid = {96CEB1FD-C162-41F7-8DB3-982191EEBA80}
	EndGlobalSection
EndGlobal
